
Microsoft Visual Studio Solution File, Format Version 12.00
# Visual Studio Version 17
VisualStudioVersion = 17.11.35208.52
MinimumVisualStudioVersion = 10.0.40219.1
Project("{FAE04EC0-301F-11D3-BF4B-00C04F79EFBC}") = "Company.Web", "Company.Web.csproj", "{1A91F787-15A9-4312-A153-7E6B6D9FBC54}"
EndProject
Project("{FAE04EC0-301F-11D3-BF4B-00C04F79EFBC}") = "Company.Data", "..\Company.Data\Company.Data.csproj", "{9B94539D-AB80-4082-9438-CEED2E4F73E8}"
EndProject
Project("{FAE04EC0-301F-11D3-BF4B-00C04F79EFBC}") = "Company.Repository", "..\Company.Repository\Company.Repository.csproj", "{9EDD4AD2-5EE8-4ACA-9506-4C24F6DBA21A}"
EndProject
Project("{FAE04EC0-301F-11D3-BF4B-00C04F79EFBC}") = "Company.Service", "..\Company.Service\Company.Service.csproj", "{8F438914-D7D9-4ACC-8983-A2D67C0AD59B}"
EndProject
Global
	GlobalSection(SolutionConfigurationPlatforms) = preSolution
		Debug|Any CPU = Debug|Any CPU
		Release|Any CPU = Release|Any CPU
	EndGlobalSection
	GlobalSection(ProjectConfigurationPlatforms) = postSolution
		{1A91F787-15A9-4312-A153-7E6B6D9FBC54}.Debug|Any CPU.ActiveCfg = Debug|Any CPU
		{1A91F787-15A9-4312-A153-7E6B6D9FBC54}.Debug|Any CPU.Build.0 = Debug|Any CPU
		{1A91F787-15A9-4312-A153-7E6B6D9FBC54}.Release|Any CPU.ActiveCfg = Release|Any CPU
		{1A91F787-15A9-4312-A153-7E6B6D9FBC54}.Release|Any CPU.Build.0 = Release|Any CPU
		{9B94539D-AB80-4082-9438-CEED2E4F73E8}.Debug|Any CPU.ActiveCfg = Debug|Any CPU
		{9B94539D-AB80-4082-9438-CEED2E4F73E8}.Debug|Any CPU.Build.0 = Debug|Any CPU
		{9B94539D-AB80-4082-9438-CEED2E4F73E8}.Release|Any CPU.ActiveCfg = Release|Any CPU
		{9B94539D-AB80-4082-9438-CEED2E4F73E8}.Release|Any CPU.Build.0 = Release|Any CPU
		{9EDD4AD2-5EE8-4ACA-9506-4C24F6DBA21A}.Debug|Any CPU.ActiveCfg = Debug|Any CPU
		{9EDD4AD2-5EE8-4ACA-9506-4C24F6DBA21A}.Debug|Any CPU.Build.0 = Debug|Any CPU
		{9EDD4AD2-5EE8-4ACA-9506-4C24F6DBA21A}.Release|Any CPU.ActiveCfg = Release|Any CPU
		{9EDD4AD2-5EE8-4ACA-9506-4C24F6DBA21A}.Release|Any CPU.Build.0 = Release|Any CPU
		{8F438914-D7D9-4ACC-8983-A2D67C0AD59B}.Debug|Any CPU.ActiveCfg = Debug|Any CPU
		{8F438914-D7D9-4ACC-8983-A2D67C0AD59B}.Debug|Any CPU.Build.0 = Debug|Any CPU
		{8F438914-D7D9-4ACC-8983-A2D67C0AD59B}.Release|Any CPU.ActiveCfg = Release|Any CPU
		{8F438914-D7D9-4ACC-8983-A2D67C0AD59B}.Release|Any CPU.Build.0 = Release|Any CPU
	EndGlobalSection
	GlobalSection(SolutionProperties) = preSolution
		HideSolutionNode = FALSE
	EndGlobalSection
	GlobalSection(ExtensibilityGlobals) = postSolution
		SolutionGuid = {CD901582-882A-4983-96A6-3DC74A324A61}
	EndGlobalSection
EndGlobal
